<?xml version="1.0" encoding="utf-8"?>
<Project ToolsVersion="4.0" xmlns="http://schemas.microsoft.com/developer/msbuild/2003">
  <ItemGroup>
    <Filter Include="Source Files">
      <UniqueIdentifier>{4FC737F1-C7A5-4376-A066-2A32D752A2FF}</UniqueIdentifier>
      <Extensions>cpp;c;cc;cxx;c++;cppm;ixx;def;odl;idl;hpj;bat;asm;asmx</Extensions>
    </Filter>
    <Filter Include="Header Files">
      <UniqueIdentifier>{93995380-89BD-4b04-88EB-625FBE52EBFB}</UniqueIdentifier>
      <Extensions>h;hh;hpp;hxx;h++;hm;inl;inc;ipp;xsd</Extensions>
    </Filter>
    <Filter Include="Resource Files">
      <UniqueIdentifier>{67DA6AB6-F800-4c08-8B7A-83BB121AAD01}</UniqueIdentifier>
      <Extensions>rc;ico;cur;bmp;dlg;rc2;rct;bin;rgs;gif;jpg;jpeg;jpe;resx;tiff;tif;png;wav;mfcribbon-ms</Extensions>
    </Filter>
    <Filter Include="Source Files\Render">
      <UniqueIdentifier>{fb7a6353-34aa-4cf7-b92b-c04af296a1b8}</UniqueIdentifier>
    </Filter>
    <Filter Include="Header Files\Render">
      <UniqueIdentifier>{0bf2634b-0e18-4a28-88cf-4b82cf11afc3}</UniqueIdentifier>
    </Filter>
    <Filter Include="Header Files\Input">
      <UniqueIdentifier>{973f3920-f3d8-416a-9352-43e2593a530f}</UniqueIdentifier>
    </Filter>
    <Filter Include="Source Files\Input">
      <UniqueIdentifier>{47a446ab-1a72-4bd2-ae49-7ce8cfdb2b68}</UniqueIdentifier>
    </Filter>
    <Filter Include="Header Files\Gameplay">
      <UniqueIdentifier>{3c22e563-a0cd-4bc3-891b-6c66778727bc}</UniqueIdentifier>
    </Filter>
    <Filter Include="Source Files\Gameplay">
      <UniqueIdentifier>{82f52f26-7620-415f-a3c0-f468de2a4153}</UniqueIdentifier>
    </Filter>
    <Filter Include="Header Files\Math">
      <UniqueIdentifier>{f51a9be5-11d9-474d-bc34-4c0e1baaf98b}</UniqueIdentifier>
    </Filter>
    <Filter Include="Source Files\Math">
      <UniqueIdentifier>{5d554a43-6ece-458c-a97e-e0047249ca99}</UniqueIdentifier>
    </Filter>
    <Filter Include="Source Files\Physics">
      <UniqueIdentifier>{8af10854-14ad-4a69-92ee-cd7c84b2b748}</UniqueIdentifier>
    </Filter>
    <Filter Include="Header Files\Physics">
      <UniqueIdentifier>{12a9ef95-9b12-4307-81a4-b9a1c4b0f469}</UniqueIdentifier>
    </Filter>
    <Filter Include="Header Files\UI">
      <UniqueIdentifier>{0da39e27-6452-44a0-8a1a-f9815af044a6}</UniqueIdentifier>
    </Filter>
    <Filter Include="Source Files\UI">
      <UniqueIdentifier>{afc2a26a-9d99-40ad-becd-99f69a9b09ce}</UniqueIdentifier>
    </Filter>
    <Filter Include="Header Files\Helpers">
      <UniqueIdentifier>{1f3bed04-2aae-4b99-beed-0b7d53595b03}</UniqueIdentifier>
    </Filter>
    <Filter Include="Source Files\Helpers">
      <UniqueIdentifier>{5b6b2ff5-b177-4ab5-b2b6-c5ba62c0c468}</UniqueIdentifier>
    </Filter>
    <Filter Include="Header Files\Stats">
      <UniqueIdentifier>{0f9fd2de-aabc-4bfd-801f-454aa38252cf}</UniqueIdentifier>
    </Filter>
    <Filter Include="Source Files\Stats">
      <UniqueIdentifier>{58773f54-e8fa-482c-aa38-9066b5e72894}</UniqueIdentifier>
    </Filter>
    <Filter Include="Header Files\Transforms">
      <UniqueIdentifier>{362d44fa-885c-4921-9950-6290ad7f7db4}</UniqueIdentifier>
    </Filter>
    <Filter Include="Source Files\Transforms">
      <UniqueIdentifier>{d573212f-a1f9-424c-9f79-38ef66613a9b}</UniqueIdentifier>
    </Filter>
  </ItemGroup>
  <ItemGroup>
    <ClInclude Include="pch.h">
      <Filter>Header Files</Filter>
    </ClInclude>
    <ClInclude Include="Logger.h">
      <Filter>Header Files</Filter>
    </ClInclude>
    <ClInclude Include="Window.h">
      <Filter>Header Files</Filter>
    </ClInclude>
    <ClInclude Include="Engine.h">
      <Filter>Header Files</Filter>
    </ClInclude>
    <ClInclude Include="BlahEngine.h">
      <Filter>Header Files</Filter>
    </ClInclude>
    <ClInclude Include="TimeModule.h">
      <Filter>Header Files</Filter>
    </ClInclude>
    <ClInclude Include="RenderModule.h">
      <Filter>Header Files\Render</Filter>
    </ClInclude>
    <ClInclude Include="RenderBackground.h">
      <Filter>Header Files\Render</Filter>
    </ClInclude>
    <ClInclude Include="RenderShader.h">
      <Filter>Header Files\Render</Filter>
    </ClInclude>
    <ClInclude Include="InputCodes.h">
      <Filter>Header Files\Input</Filter>
    </ClInclude>
    <ClInclude Include="InputModule.h">
      <Filter>Header Files\Input</Filter>
    </ClInclude>
    <ClInclude Include="SystemsModule.h">
      <Filter>Header Files\Gameplay</Filter>
    </ClInclude>
    <ClInclude Include="ISystem.h">
      <Filter>Header Files\Gameplay</Filter>
    </ClInclude>
    <ClInclude Include="InputEvents.h">
      <Filter>Header Files\Input</Filter>
    </ClInclude>
    <ClInclude Include="PhysicsModule.h">
      <Filter>Header Files\Physics</Filter>
    </ClInclude>
    <ClInclude Include="ArrayResize.h">
      <Filter>Header Files\Math</Filter>
    </ClInclude>
    <ClInclude Include="TransformComp.h">
      <Filter>Header Files\Transforms</Filter>
    </ClInclude>
    <ClInclude Include="Vector3.h">
      <Filter>Header Files\Math</Filter>
    </ClInclude>
    <ClInclude Include="RenderDrawer.h">
      <Filter>Header Files\Render</Filter>
    </ClInclude>
    <ClInclude Include="UiModule.h">
      <Filter>Header Files\UI</Filter>
    </ClInclude>
    <ClInclude Include="GeometryRenderBuilder.h">
      <Filter>Header Files\Helpers</Filter>
    </ClInclude>
    <ClInclude Include="Color.h">
      <Filter>Header Files\Helpers</Filter>
    </ClInclude>
    <ClInclude Include="StatsModule.h">
      <Filter>Header Files\Stats</Filter>
    </ClInclude>
    <ClInclude Include="entt.hpp">
      <Filter>Source Files</Filter>
    </ClInclude>
    <ClInclude Include="CollisionComp.h">
      <Filter>Header Files\Physics</Filter>
    </ClInclude>
    <ClInclude Include="RenderCameraComp.h">
      <Filter>Header Files\Render</Filter>
    </ClInclude>
    <ClInclude Include="RenderComp.h">
      <Filter>Header Files\Render</Filter>
    </ClInclude>
    <ClInclude Include="UiTextComp.h">
      <Filter>Header Files\UI</Filter>
    </ClInclude>
    <ClInclude Include="TransformsModule.h">
      <Filter>Header Files\Transforms</Filter>
    </ClInclude>
    <ClInclude Include="RenderImporter.h">
      <Filter>Header Files\Render</Filter>
    </ClInclude>
    <ClInclude Include="Rotation.h">
      <Filter>Header Files\Math</Filter>
    </ClInclude>
    <ClInclude Include="RenderShaderSimpleUnlit.h">
      <Filter>Header Files\Render</Filter>
    </ClInclude>
    <ClInclude Include="RenderShaderUnlit.h">
      <Filter>Header Files\Render</Filter>
    </ClInclude>
    <ClInclude Include="RenderShaderSimpleLit.h">
      <Filter>Header Files\Render</Filter>
    </ClInclude>
    <ClInclude Include="RenderCameraDrawer.h">
      <Filter>Header Files\Render</Filter>
    </ClInclude>
    <ClInclude Include="RenderLightDrawer.h">
      <Filter>Header Files\Render</Filter>
    </ClInclude>
    <ClInclude Include="RenderLightComp.h">
      <Filter>Header Files\Render</Filter>
    </ClInclude>
  </ItemGroup>
  <ItemGroup>
    <ClCompile Include="pch.cpp">
      <Filter>Source Files</Filter>
    </ClCompile>
    <ClCompile Include="Logger.cpp">
      <Filter>Source Files</Filter>
    </ClCompile>
    <ClCompile Include="Window.cpp">
      <Filter>Source Files</Filter>
    </ClCompile>
    <ClCompile Include="Engine.cpp">
      <Filter>Source Files</Filter>
    </ClCompile>
    <ClCompile Include="TimeModule.cpp">
      <Filter>Source Files</Filter>
    </ClCompile>
    <ClCompile Include="RenderModule.cpp">
      <Filter>Source Files\Render</Filter>
    </ClCompile>
    <ClCompile Include="RenderBackground.cpp">
      <Filter>Source Files\Render</Filter>
    </ClCompile>
    <ClCompile Include="RenderShader.cpp">
      <Filter>Source Files\Render</Filter>
    </ClCompile>
    <ClCompile Include="InputModule.cpp">
      <Filter>Source Files\Input</Filter>
    </ClCompile>
    <ClCompile Include="SystemsModule.cpp">
      <Filter>Source Files\Gameplay</Filter>
    </ClCompile>
    <ClCompile Include="Vector3.cpp">
      <Filter>Source Files\Math</Filter>
    </ClCompile>
    <ClCompile Include="PhysicsModule.cpp">
      <Filter>Source Files\Physics</Filter>
    </ClCompile>
    <ClCompile Include="RenderDrawer.cpp">
      <Filter>Source Files\Render</Filter>
    </ClCompile>
    <ClCompile Include="UiModule.cpp">
      <Filter>Source Files\UI</Filter>
    </ClCompile>
    <ClCompile Include="GeometryRenderBuilder.cpp">
      <Filter>Source Files\Helpers</Filter>
    </ClCompile>
    <ClCompile Include="StatsModule.cpp">
      <Filter>Source Files\Stats</Filter>
    </ClCompile>
    <ClCompile Include="TransformsModule.cpp">
      <Filter>Source Files\Transforms</Filter>
    </ClCompile>
    <ClCompile Include="RenderImporter.cpp">
      <Filter>Source Files\Render</Filter>
    </ClCompile>
    <ClCompile Include="Rotation.cpp">
      <Filter>Source Files\Math</Filter>
    </ClCompile>
    <ClCompile Include="RenderShaderSimpleUnlit.cpp">
      <Filter>Source Files\Render</Filter>
    </ClCompile>
    <ClCompile Include="RenderShaderUnlit.cpp">
      <Filter>Source Files\Render</Filter>
    </ClCompile>
    <ClCompile Include="RenderShaderSimpleLit.cpp">
      <Filter>Source Files\Render</Filter>
    </ClCompile>
    <ClCompile Include="RenderCameraDrawer.cpp">
      <Filter>Source Files\Render</Filter>
    </ClCompile>
    <ClCompile Include="RenderLightDrawer.cpp">
      <Filter>Source Files\Render</Filter>
    </ClCompile>
  </ItemGroup>
</Project>